{
  "version": 2,
  "dependencies": {
    "net10.0": {
      "DotNet.ReproducibleBuilds": {
        "type": "Direct",
        "requested": "[2.0.2, )",
        "resolved": "2.0.2",
        "contentHash": "VaHoEN6YHp0jXucxm67vfuRy8zo9ufiKSuaZ4ZudRi8xmWcEFMKxfCsg2nvYNvdISFTURDu+IHqADGh53+Bamw=="
      },
      "Meziantou.Analyzer": {
        "type": "Direct",
        "requested": "[3.0.22, )",
        "resolved": "3.0.22",
        "contentHash": "90M4v6pWhG9X+4SKf6G+lUsk9D5PysTV2QhSCEyHmjbyOxjs6DxUjYxdLLWdPPO5k5+b67a8T+feWpZkno+h7g=="
      },
      "Roslynator.Analyzers": {
        "type": "Direct",
        "requested": "[4.15.0, )",
        "resolved": "4.15.0",
        "contentHash": "E8fu71Y+vzhniJKy1K13Rzwm8Vjcj7CDFBpflqncKUZfc3SzuF0kMBiyMmgXNPkjWTdE3Z+30HlGgYjHONZY/Q=="
      },
      "SonarAnalyzer.CSharp": {
        "type": "Direct",
        "requested": "[10.20.0.135146, )",
        "resolved": "10.20.0.135146",
        "contentHash": "Dx+sh/lhhJrG4Sr5W+bCDr/JKhY1Op6UaIoG5UrDVIyryC7rZtqO4Q4adzvm3IqAhFGHY7oYuaSjtR46hIv8qQ=="
      },
      "Stryker.Regex.Parser": {
        "type": "Direct",
        "requested": "[1.0.0, )",
        "resolved": "1.0.0",
        "contentHash": "39OYYkvF2KlMbhxLBM+GTJEzPLu0HfN1v4AOApDFt3+ivd5F8HXwV5yp2A2+i7a7F5Tv2zr/7faCIqZj9c7x4g=="
      },
      "System.Security.Cryptography.Xml": {
        "type": "Direct",
        "requested": "[10.0.6, )",
        "resolved": "10.0.6",
        "contentHash": "71yFkEElPZKZ9jbZQTe1CWeHYXEtnCXwZnHnfeA8pP47tCXBUoWk+6zSIZ7RXO90nZjXgPNil6BFGWb1OBqA5w==",
        "dependencies": {
          "System.Security.Cryptography.Pkcs": "10.0.6"
        }
      },
      "System.Security.Cryptography.Pkcs": {
        "type": "Transitive",
        "resolved": "10.0.6",
        "contentHash": "88tquaGJ1htm4DHWS6x9jwER7sFET2SVRN7HqO1FYZwE0diDcUmz0ajhVa8ZD2HGhDJBueSPjP/gqyP3gXtT2A=="
      }
    }
  }
}